// !$*UTF8*$!
{
	archiveVersion = 1;
	classes = {
	};
	objectVersion = 46;
	objects = {

/* Begin PBXBuildFile section */
		A61466E418F7148B00DB0099 /* Reachability.m in Sources */ = {isa = PBXBuildFile; fileRef = A61466E318F7148B00DB0099 /* Reachability.m */; };
		A61CA795186231ED00891E00 /* RSSEntry.m in Sources */ = {isa = PBXBuildFile; fileRef = A61CA794186231ED00891E00 /* RSSEntry.m */; };
		A61CA7C41863235800891E00 /* GTMNSString+HTML.m in Sources */ = {isa = PBXBuildFile; fileRef = A61CA7B61863235800891E00 /* GTMNSString+HTML.m */; };
		A61CA7C51863235800891E00 /* MWFeedInfo.m in Sources */ = {isa = PBXBuildFile; fileRef = A61CA7B81863235800891E00 /* MWFeedInfo.m */; };
		A61CA7C61863235800891E00 /* MWFeedItem.m in Sources */ = {isa = PBXBuildFile; fileRef = A61CA7BA1863235800891E00 /* MWFeedItem.m */; };
		A61CA7C71863235800891E00 /* MWFeedParser.m in Sources */ = {isa = PBXBuildFile; fileRef = A61CA7BC1863235800891E00 /* MWFeedParser.m */; };
		A61CA7C91863235800891E00 /* NSDate+InternetDateTime.m in Sources */ = {isa = PBXBuildFile; fileRef = A61CA7C11863235800891E00 /* NSDate+InternetDateTime.m */; };
		A61CA7CA1863235800891E00 /* NSString+HTML.m in Sources */ = {isa = PBXBuildFile; fileRef = A61CA7C31863235800891E00 /* NSString+HTML.m */; };
		A621F0DB184538D20011D0C5 /* FullArticleVC.m in Sources */ = {isa = PBXBuildFile; fileRef = A621F0DA184538D20011D0C5 /* FullArticleVC.m */; };
		A62A1A131823C9C7006A62B3 /* Foundation.framework in Frameworks */ = {isa = PBXBuildFile; fileRef = A62A1A121823C9C7006A62B3 /* Foundation.framework */; };
		A62A1A151823C9C7006A62B3 /* CoreGraphics.framework in Frameworks */ = {isa = PBXBuildFile; fileRef = A62A1A141823C9C7006A62B3 /* CoreGraphics.framework */; };
		A62A1A171823C9C7006A62B3 /* UIKit.framework in Frameworks */ = {isa = PBXBuildFile; fileRef = A62A1A161823C9C7006A62B3 /* UIKit.framework */; };
		A62A1A1D1823C9C7006A62B3 /* InfoPlist.strings in Resources */ = {isa = PBXBuildFile; fileRef = A62A1A1B1823C9C7006A62B3 /* InfoPlist.strings */; };
		A62A1A1F1823C9C7006A62B3 /* main.m in Sources */ = {isa = PBXBuildFile; fileRef = A62A1A1E1823C9C7006A62B3 /* main.m */; };
		A62A1A231823C9C7006A62B3 /* AppDelegate.m in Sources */ = {isa = PBXBuildFile; fileRef = A62A1A221823C9C7006A62B3 /* AppDelegate.m */; };
		A62A1A261823C9C7006A62B3 /* Main.storyboard in Resources */ = {isa = PBXBuildFile; fileRef = A62A1A241823C9C7006A62B3 /* Main.storyboard */; };
		A62A1A351823C9C7006A62B3 /* XCTest.framework in Frameworks */ = {isa = PBXBuildFile; fileRef = A62A1A341823C9C7006A62B3 /* XCTest.framework */; };
		A62A1A361823C9C7006A62B3 /* Foundation.framework in Frameworks */ = {isa = PBXBuildFile; fileRef = A62A1A121823C9C7006A62B3 /* Foundation.framework */; };
		A62A1A371823C9C7006A62B3 /* UIKit.framework in Frameworks */ = {isa = PBXBuildFile; fileRef = A62A1A161823C9C7006A62B3 /* UIKit.framework */; };
		A62A1A3F1823C9C7006A62B3 /* InfoPlist.strings in Resources */ = {isa = PBXBuildFile; fileRef = A62A1A3D1823C9C7006A62B3 /* InfoPlist.strings */; };
		A62A1A411823C9C7006A62B3 /* photonTests.m in Sources */ = {isa = PBXBuildFile; fileRef = A62A1A401823C9C7006A62B3 /* photonTests.m */; };
		A63495BC18F592CD00BB06D6 /* SiteCatalystController.m in Sources */ = {isa = PBXBuildFile; fileRef = A63495BB18F592CD00BB06D6 /* SiteCatalystController.m */; };
		A639A337184E6496008D3BF6 /* ShareActivityProvider.m in Sources */ = {isa = PBXBuildFile; fileRef = A639A336184E6496008D3BF6 /* ShareActivityProvider.m */; };
		A639A33A184E7361008D3BF6 /* ShareActivityVC.m in Sources */ = {isa = PBXBuildFile; fileRef = A639A339184E7361008D3BF6 /* ShareActivityVC.m */; };
		A647B05518CA19770081F760 /* photon_core_data.xcdatamodeld in Sources */ = {isa = PBXBuildFile; fileRef = A647B04D18CA19770081F760 /* photon_core_data.xcdatamodeld */; };
		A647B05718CA19770081F760 /* IssueMO.m in Sources */ = {isa = PBXBuildFile; fileRef = A647B05218CA19770081F760 /* IssueMO.m */; };
		A647B05A18CA1FEC0081F760 /* CoreData.framework in Frameworks */ = {isa = PBXBuildFile; fileRef = A647B05918CA1FEC0081F760 /* CoreData.framework */; };
		A647B05D18CA44E60081F760 /* IssueMO+Issue.m in Sources */ = {isa = PBXBuildFile; fileRef = A647B05C18CA44E60081F760 /* IssueMO+Issue.m */; };
		A647B06018CA4F820081F760 /* ArticleMO+Article.m in Sources */ = {isa = PBXBuildFile; fileRef = A647B05F18CA4F820081F760 /* ArticleMO+Article.m */; };
		A649A73D18882C0E00BDF9C2 /* SplitViewManager.m in Sources */ = {isa = PBXBuildFile; fileRef = A649A73C18882C0E00BDF9C2 /* SplitViewManager.m */; };
		A6635ACB182D625400E600EA /* ArticleDetails.m in Sources */ = {isa = PBXBuildFile; fileRef = A6635ACA182D625400E600EA /* ArticleDetails.m */; };
		A6635AD1182D7A0D00E600EA /* SubjectViewController.m in Sources */ = {isa = PBXBuildFile; fileRef = A6635AD0182D7A0D00E600EA /* SubjectViewController.m */; };
		A6635AE0182D921A00E600EA /* KeywordsTVC.m in Sources */ = {isa = PBXBuildFile; fileRef = A6635ADF182D921A00E600EA /* KeywordsTVC.m */; };
		A6636DF418DCF1410095593D /* PreloadIssues.json in Resources */ = {isa = PBXBuildFile; fileRef = A6636DF318DCF1410095593D /* PreloadIssues.json */; };
		A6687EC11885AA1A008109BF /* Main_iPad.storyboard in Resources */ = {isa = PBXBuildFile; fileRef = A6687EBF1885AA1A008109BF /* Main_iPad.storyboard */; };
		A66F689E18D0761F008D3EF5 /* KeywordMO.m in Sources */ = {isa = PBXBuildFile; fileRef = A66F689D18D0761F008D3EF5 /* KeywordMO.m */; };
		A66FB235184CE935008F2AB7 /* InfoVC.m in Sources */ = {isa = PBXBuildFile; fileRef = A66FB234184CE935008F2AB7 /* InfoVC.m */; };
		A66FB237184D211F008F2AB7 /* Images.xcassets in Resources */ = {isa = PBXBuildFile; fileRef = A66FB236184D211F008F2AB7 /* Images.xcassets */; };
		A66FB23A184D2B9E008F2AB7 /* AboutVC.m in Sources */ = {isa = PBXBuildFile; fileRef = A66FB239184D2B9E008F2AB7 /* AboutVC.m */; };
		A66FB23D184D2BB0008F2AB7 /* HelpVC.m in Sources */ = {isa = PBXBuildFile; fileRef = A66FB23C184D2BB0008F2AB7 /* HelpVC.m */; };
		A679A80318F43E0F00BC8750 /* Settings.bundle in Resources */ = {isa = PBXBuildFile; fileRef = A679A80218F43E0F00BC8750 /* Settings.bundle */; };
		A67AF51C182BA408000F6EB0 /* IssueArticlesTVC.m in Sources */ = {isa = PBXBuildFile; fileRef = A67AF51B182BA408000F6EB0 /* IssueArticlesTVC.m */; };
		A68081D518D8943F00C6199B /* photon_eula.html in Resources */ = {isa = PBXBuildFile; fileRef = A68081D418D8943F00C6199B /* photon_eula.html */; };
		A680F34B18D37E41000653CC /* IpadTabBarController.m in Sources */ = {isa = PBXBuildFile; fileRef = A680F34A18D37E41000653CC /* IpadTabBarController.m */; };
		A683CC3B1885EF5800354442 /* ContentIpadVC.m in Sources */ = {isa = PBXBuildFile; fileRef = A683CC3A1885EF5800354442 /* ContentIpadVC.m */; };
		A69AFEB918944C47009F0A48 /* V1JsonParser.m in Sources */ = {isa = PBXBuildFile; fileRef = A69AFEB818944C47009F0A48 /* V1JsonParser.m */; };
		A69AFEBD1895468A009F0A48 /* JsonParser.m in Sources */ = {isa = PBXBuildFile; fileRef = A69AFEBC1895468A009F0A48 /* JsonParser.m */; };
		A69AFEC0189554C0009F0A48 /* JsonParserBase.m in Sources */ = {isa = PBXBuildFile; fileRef = A69AFEBF189554C0009F0A48 /* JsonParserBase.m */; };
		A6A919D218299BB500F1CE7D /* AppManager.m in Sources */ = {isa = PBXBuildFile; fileRef = A6A919CF18299BB500F1CE7D /* AppManager.m */; };
		A6A919D61829A1BC00F1CE7D /* IssuesManager.m in Sources */ = {isa = PBXBuildFile; fileRef = A6A919D51829A1BC00F1CE7D /* IssuesManager.m */; };
		A6A919D81829B48A00F1CE7D /* Issues.json in Resources */ = {isa = PBXBuildFile; fileRef = A6A919D71829B48A00F1CE7D /* Issues.json */; };
		A6A919DB182A74D400F1CE7D /* Issue.m in Sources */ = {isa = PBXBuildFile; fileRef = A6A919DA182A74D400F1CE7D /* Issue.m */; };
		A6A919DE182A9B8700F1CE7D /* Article.m in Sources */ = {isa = PBXBuildFile; fileRef = A6A919DD182A9B8700F1CE7D /* Article.m */; };
		A6AC5FAA18D794D3000D0832 /* EulaVC.m in Sources */ = {isa = PBXBuildFile; fileRef = A6AC5FA818D794D3000D0832 /* EulaVC.m */; };
		A6B295D2187352CB00BEF24D /* ContentVC.m in Sources */ = {isa = PBXBuildFile; fileRef = A6B295D1187352CB00BEF24D /* ContentVC.m */; };
		A6B295D518735EFD00BEF24D /* ContentPagesVC.m in Sources */ = {isa = PBXBuildFile; fileRef = A6B295D418735EFD00BEF24D /* ContentPagesVC.m */; };
		A6CA277C18CE6976003713BA /* ArticleMO.m in Sources */ = {isa = PBXBuildFile; fileRef = A6CA277B18CE6976003713BA /* ArticleMO.m */; };
		A6D6AFED185B53A700F37E23 /* ShareActionSheet.m in Sources */ = {isa = PBXBuildFile; fileRef = A6D6AFEC185B53A700F37E23 /* ShareActionSheet.m */; };
		A6D6AFEF185B5E1400F37E23 /* Social.framework in Frameworks */ = {isa = PBXBuildFile; fileRef = A6D6AFEE185B5E1400F37E23 /* Social.framework */; };
		A6D9BC78183BBFE000B42118 /* KeywordArticlesTVC.m in Sources */ = {isa = PBXBuildFile; fileRef = A6D9BC77183BBFE000B42118 /* KeywordArticlesTVC.m */; };
		A6D9BC7B183BF57F00B42118 /* KeywordArticleDetailVC.m in Sources */ = {isa = PBXBuildFile; fileRef = A6D9BC7A183BF57F00B42118 /* KeywordArticleDetailVC.m */; };
/* End PBXBuildFile section */

/* Begin PBXContainerItemProxy section */
		A62A1A381823C9C7006A62B3 /* PBXContainerItemProxy */ = {
			isa = PBXContainerItemProxy;
			containerPortal = A62A1A071823C9C7006A62B3 /* Project object */;
			proxyType = 1;
			remoteGlobalIDString = A62A1A0E1823C9C7006A62B3;
			remoteInfo = photon;
		};
/* End PBXContainerItemProxy section */

/* Begin PBXFileReference section */
		3716854018A50CDE0025B32F /* ArticleSelectionDelegate.h */ = {isa = PBXFileReference; lastKnownFileType = sourcecode.c.h; path = ArticleSelectionDelegate.h; sourceTree = "<group>"; };
		37C4300318B7DE2800CCDE8A /* PopoverViewDelegate.h */ = {isa = PBXFileReference; lastKnownFileType = sourcecode.c.h; path = PopoverViewDelegate.h; sourceTree = "<group>"; };
		A61466E218F7148B00DB0099 /* Reachability.h */ = {isa = PBXFileReference; fileEncoding = 4; lastKnownFileType = sourcecode.c.h; path = Reachability.h; sourceTree = "<group>"; };
		A61466E318F7148B00DB0099 /* Reachability.m */ = {isa = PBXFileReference; fileEncoding = 4; lastKnownFileType = sourcecode.c.objc; path = Reachability.m; sourceTree = "<group>"; };
		A61CA793186231ED00891E00 /* RSSEntry.h */ = {isa = PBXFileReference; fileEncoding = 4; lastKnownFileType = sourcecode.c.h; path = RSSEntry.h; sourceTree = "<group>"; };
		A61CA794186231ED00891E00 /* RSSEntry.m */ = {isa = PBXFileReference; fileEncoding = 4; lastKnownFileType = sourcecode.c.objc; path = RSSEntry.m; sourceTree = "<group>"; };
		A61CA7B51863235800891E00 /* GTMNSString+HTML.h */ = {isa = PBXFileReference; fileEncoding = 4; lastKnownFileType = sourcecode.c.h; path = "GTMNSString+HTML.h"; sourceTree = "<group>"; };
		A61CA7B61863235800891E00 /* GTMNSString+HTML.m */ = {isa = PBXFileReference; fileEncoding = 4; lastKnownFileType = sourcecode.c.objc; path = "GTMNSString+HTML.m"; sourceTree = "<group>"; };
		A61CA7B71863235800891E00 /* MWFeedInfo.h */ = {isa = PBXFileReference; fileEncoding = 4; lastKnownFileType = sourcecode.c.h; path = MWFeedInfo.h; sourceTree = "<group>"; };
		A61CA7B81863235800891E00 /* MWFeedInfo.m */ = {isa = PBXFileReference; fileEncoding = 4; lastKnownFileType = sourcecode.c.objc; path = MWFeedInfo.m; sourceTree = "<group>"; };
		A61CA7B91863235800891E00 /* MWFeedItem.h */ = {isa = PBXFileReference; fileEncoding = 4; lastKnownFileType = sourcecode.c.h; path = MWFeedItem.h; sourceTree = "<group>"; };
		A61CA7BA1863235800891E00 /* MWFeedItem.m */ = {isa = PBXFileReference; fileEncoding = 4; lastKnownFileType = sourcecode.c.objc; path = MWFeedItem.m; sourceTree = "<group>"; };
		A61CA7BB1863235800891E00 /* MWFeedParser.h */ = {isa = PBXFileReference; fileEncoding = 4; lastKnownFileType = sourcecode.c.h; path = MWFeedParser.h; sourceTree = "<group>"; };
		A61CA7BC1863235800891E00 /* MWFeedParser.m */ = {isa = PBXFileReference; fileEncoding = 4; lastKnownFileType = sourcecode.c.objc; path = MWFeedParser.m; sourceTree = "<group>"; };
		A61CA7BD1863235800891E00 /* MWFeedParser_Private.h */ = {isa = PBXFileReference; fileEncoding = 4; lastKnownFileType = sourcecode.c.h; path = MWFeedParser_Private.h; sourceTree = "<group>"; };
		A61CA7C01863235800891E00 /* NSDate+InternetDateTime.h */ = {isa = PBXFileReference; fileEncoding = 4; lastKnownFileType = sourcecode.c.h; path = "NSDate+InternetDateTime.h"; sourceTree = "<group>"; };
		A61CA7C11863235800891E00 /* NSDate+InternetDateTime.m */ = {isa = PBXFileReference; fileEncoding = 4; lastKnownFileType = sourcecode.c.objc; path = "NSDate+InternetDateTime.m"; sourceTree = "<group>"; };
		A61CA7C21863235800891E00 /* NSString+HTML.h */ = {isa = PBXFileReference; fileEncoding = 4; lastKnownFileType = sourcecode.c.h; path = "NSString+HTML.h"; sourceTree = "<group>"; };
		A61CA7C31863235800891E00 /* NSString+HTML.m */ = {isa = PBXFileReference; fileEncoding = 4; lastKnownFileType = sourcecode.c.objc; path = "NSString+HTML.m"; sourceTree = "<group>"; };
		A621F0D9184538D20011D0C5 /* FullArticleVC.h */ = {isa = PBXFileReference; fileEncoding = 4; lastKnownFileType = sourcecode.c.h; path = FullArticleVC.h; sourceTree = "<group>"; };
		A621F0DA184538D20011D0C5 /* FullArticleVC.m */ = {isa = PBXFileReference; fileEncoding = 4; lastKnownFileType = sourcecode.c.objc; path = FullArticleVC.m; sourceTree = "<group>"; };
		A62A1A0F1823C9C7006A62B3 /* photon.app */ = {isa = PBXFileReference; explicitFileType = wrapper.application; includeInIndex = 0; path = photon.app; sourceTree = BUILT_PRODUCTS_DIR; };
		A62A1A121823C9C7006A62B3 /* Foundation.framework */ = {isa = PBXFileReference; lastKnownFileType = wrapper.framework; name = Foundation.framework; path = System/Library/Frameworks/Foundation.framework; sourceTree = SDKROOT; };
		A62A1A141823C9C7006A62B3 /* CoreGraphics.framework */ = {isa = PBXFileReference; lastKnownFileType = wrapper.framework; name = CoreGraphics.framework; path = System/Library/Frameworks/CoreGraphics.framework; sourceTree = SDKROOT; };
		A62A1A161823C9C7006A62B3 /* UIKit.framework */ = {isa = PBXFileReference; lastKnownFileType = wrapper.framework; name = UIKit.framework; path = System/Library/Frameworks/UIKit.framework; sourceTree = SDKROOT; };
		A62A1A1A1823C9C7006A62B3 /* photon-Info.plist */ = {isa = PBXFileReference; lastKnownFileType = text.plist.xml; path = "photon-Info.plist"; sourceTree = "<group>"; };
		A62A1A1C1823C9C7006A62B3 /* en */ = {isa = PBXFileReference; lastKnownFileType = text.plist.strings; name = en; path = en.lproj/InfoPlist.strings; sourceTree = "<group>"; };
		A62A1A1E1823C9C7006A62B3 /* main.m */ = {isa = PBXFileReference; lastKnownFileType = sourcecode.c.objc; path = main.m; sourceTree = "<group>"; };
		A62A1A201823C9C7006A62B3 /* photon-Prefix.pch */ = {isa = PBXFileReference; lastKnownFileType = sourcecode.c.h; path = "photon-Prefix.pch"; sourceTree = "<group>"; };
		A62A1A211823C9C7006A62B3 /* AppDelegate.h */ = {isa = PBXFileReference; lastKnownFileType = sourcecode.c.h; path = AppDelegate.h; sourceTree = "<group>"; };
		A62A1A221823C9C7006A62B3 /* AppDelegate.m */ = {isa = PBXFileReference; lastKnownFileType = sourcecode.c.objc; path = AppDelegate.m; sourceTree = "<group>"; };
		A62A1A251823C9C7006A62B3 /* Base */ = {isa = PBXFileReference; lastKnownFileType = file.storyboard; name = Base; path = Base.lproj/Main.storyboard; sourceTree = "<group>"; };
		A62A1A331823C9C7006A62B3 /* photonTests.xctest */ = {isa = PBXFileReference; explicitFileType = wrapper.cfbundle; includeInIndex = 0; path = photonTests.xctest; sourceTree = BUILT_PRODUCTS_DIR; };
		A62A1A341823C9C7006A62B3 /* XCTest.framework */ = {isa = PBXFileReference; lastKnownFileType = wrapper.framework; name = XCTest.framework; path = Library/Frameworks/XCTest.framework; sourceTree = DEVELOPER_DIR; };
		A62A1A3C1823C9C7006A62B3 /* photonTests-Info.plist */ = {isa = PBXFileReference; lastKnownFileType = text.plist.xml; path = "photonTests-Info.plist"; sourceTree = "<group>"; };
		A62A1A3E1823C9C7006A62B3 /* en */ = {isa = PBXFileReference; lastKnownFileType = text.plist.strings; name = en; path = en.lproj/InfoPlist.strings; sourceTree = "<group>"; };
		A62A1A401823C9C7006A62B3 /* photonTests.m */ = {isa = PBXFileReference; lastKnownFileType = sourcecode.c.objc; path = photonTests.m; sourceTree = "<group>"; };
		A63495BA18F592CD00BB06D6 /* SiteCatalystController.h */ = {isa = PBXFileReference; fileEncoding = 4; lastKnownFileType = sourcecode.c.h; path = SiteCatalystController.h; sourceTree = "<group>"; };
		A63495BB18F592CD00BB06D6 /* SiteCatalystController.m */ = {isa = PBXFileReference; fileEncoding = 4; lastKnownFileType = sourcecode.c.objc; path = SiteCatalystController.m; sourceTree = "<group>"; };
		A639A335184E6496008D3BF6 /* ShareActivityProvider.h */ = {isa = PBXFileReference; fileEncoding = 4; lastKnownFileType = sourcecode.c.h; path = ShareActivityProvider.h; sourceTree = "<group>"; };
		A639A336184E6496008D3BF6 /* ShareActivityProvider.m */ = {isa = PBXFileReference; fileEncoding = 4; lastKnownFileType = sourcecode.c.objc; path = ShareActivityProvider.m; sourceTree = "<group>"; };
		A639A338184E7361008D3BF6 /* ShareActivityVC.h */ = {isa = PBXFileReference; fileEncoding = 4; lastKnownFileType = sourcecode.c.h; path = ShareActivityVC.h; sourceTree = "<group>"; };
		A639A339184E7361008D3BF6 /* ShareActivityVC.m */ = {isa = PBXFileReference; fileEncoding = 4; lastKnownFileType = sourcecode.c.objc; path = ShareActivityVC.m; sourceTree = "<group>"; };
		A6403B6318AEA00A004D47DC /* ModalViewDelegate.h */ = {isa = PBXFileReference; fileEncoding = 4; lastKnownFileType = sourcecode.c.h; path = ModalViewDelegate.h; sourceTree = "<group>"; };
		A647B04E18CA19770081F760 /* photon_core_data.xcdatamodel */ = {isa = PBXFileReference; lastKnownFileType = wrapper.xcdatamodel; path = photon_core_data.xcdatamodel; sourceTree = "<group>"; };
		A647B05118CA19770081F760 /* IssueMO.h */ = {isa = PBXFileReference; fileEncoding = 4; lastKnownFileType = sourcecode.c.h; path = IssueMO.h; sourceTree = "<group>"; };
		A647B05218CA19770081F760 /* IssueMO.m */ = {isa = PBXFileReference; fileEncoding = 4; lastKnownFileType = sourcecode.c.objc; path = IssueMO.m; sourceTree = "<group>"; };
		A647B05918CA1FEC0081F760 /* CoreData.framework */ = {isa = PBXFileReference; lastKnownFileType = wrapper.framework; name = CoreData.framework; path = System/Library/Frameworks/CoreData.framework; sourceTree = SDKROOT; };
		A647B05B18CA44E60081F760 /* IssueMO+Issue.h */ = {isa = PBXFileReference; fileEncoding = 4; lastKnownFileType = sourcecode.c.h; path = "IssueMO+Issue.h"; sourceTree = "<group>"; };
		A647B05C18CA44E60081F760 /* IssueMO+Issue.m */ = {isa = PBXFileReference; fileEncoding = 4; lastKnownFileType = sourcecode.c.objc; path = "IssueMO+Issue.m"; sourceTree = "<group>"; };
		A647B05E18CA4F820081F760 /* ArticleMO+Article.h */ = {isa = PBXFileReference; fileEncoding = 4; lastKnownFileType = sourcecode.c.h; path = "ArticleMO+Article.h"; sourceTree = "<group>"; };
		A647B05F18CA4F820081F760 /* ArticleMO+Article.m */ = {isa = PBXFileReference; fileEncoding = 4; lastKnownFileType = sourcecode.c.objc; path = "ArticleMO+Article.m"; sourceTree = "<group>"; };
		A649A73B18882C0E00BDF9C2 /* SplitViewManager.h */ = {isa = PBXFileReference; fileEncoding = 4; lastKnownFileType = sourcecode.c.h; path = SplitViewManager.h; sourceTree = "<group>"; };
		A649A73C18882C0E00BDF9C2 /* SplitViewManager.m */ = {isa = PBXFileReference; fileEncoding = 4; lastKnownFileType = sourcecode.c.objc; path = SplitViewManager.m; sourceTree = "<group>"; };
		A6635AC9182D625400E600EA /* ArticleDetails.h */ = {isa = PBXFileReference; fileEncoding = 4; lastKnownFileType = sourcecode.c.h; path = ArticleDetails.h; sourceTree = "<group>"; };
		A6635ACA182D625400E600EA /* ArticleDetails.m */ = {isa = PBXFileReference; fileEncoding = 4; lastKnownFileType = sourcecode.c.objc; path = ArticleDetails.m; sourceTree = "<group>"; };
		A6635ACF182D7A0D00E600EA /* SubjectViewController.h */ = {isa = PBXFileReference; fileEncoding = 4; lastKnownFileType = sourcecode.c.h; path = SubjectViewController.h; sourceTree = "<group>"; };
		A6635AD0182D7A0D00E600EA /* SubjectViewController.m */ = {isa = PBXFileReference; fileEncoding = 4; lastKnownFileType = sourcecode.c.objc; path = SubjectViewController.m; sourceTree = "<group>"; };
		A6635ADE182D921A00E600EA /* KeywordsTVC.h */ = {isa = PBXFileReference; fileEncoding = 4; lastKnownFileType = sourcecode.c.h; path = KeywordsTVC.h; sourceTree = "<group>"; };
		A6635ADF182D921A00E600EA /* KeywordsTVC.m */ = {isa = PBXFileReference; fileEncoding = 4; lastKnownFileType = sourcecode.c.objc; path = KeywordsTVC.m; sourceTree = "<group>"; };
		A6636DF318DCF1410095593D /* PreloadIssues.json */ = {isa = PBXFileReference; fileEncoding = 4; lastKnownFileType = text.json; path = PreloadIssues.json; sourceTree = "<group>"; };
		A6687EC01885AA1A008109BF /* Base */ = {isa = PBXFileReference; lastKnownFileType = file.storyboard; name = Base; path = Base.lproj/Main_iPad.storyboard; sourceTree = "<group>"; };
		A66F689C18D0761F008D3EF5 /* KeywordMO.h */ = {isa = PBXFileReference; fileEncoding = 4; lastKnownFileType = sourcecode.c.h; path = KeywordMO.h; sourceTree = "<group>"; };
		A66F689D18D0761F008D3EF5 /* KeywordMO.m */ = {isa = PBXFileReference; fileEncoding = 4; lastKnownFileType = sourcecode.c.objc; path = KeywordMO.m; sourceTree = "<group>"; };
		A66FB233184CE935008F2AB7 /* InfoVC.h */ = {isa = PBXFileReference; fileEncoding = 4; lastKnownFileType = sourcecode.c.h; path = InfoVC.h; sourceTree = "<group>"; };
		A66FB234184CE935008F2AB7 /* InfoVC.m */ = {isa = PBXFileReference; fileEncoding = 4; lastKnownFileType = sourcecode.c.objc; path = InfoVC.m; sourceTree = "<group>"; };
		A66FB236184D211F008F2AB7 /* Images.xcassets */ = {isa = PBXFileReference; lastKnownFileType = folder.assetcatalog; path = Images.xcassets; sourceTree = "<group>"; };
		A66FB238184D2B9E008F2AB7 /* AboutVC.h */ = {isa = PBXFileReference; fileEncoding = 4; lastKnownFileType = sourcecode.c.h; path = AboutVC.h; sourceTree = "<group>"; };
		A66FB239184D2B9E008F2AB7 /* AboutVC.m */ = {isa = PBXFileReference; fileEncoding = 4; lastKnownFileType = sourcecode.c.objc; path = AboutVC.m; sourceTree = "<group>"; };
		A66FB23B184D2BB0008F2AB7 /* HelpVC.h */ = {isa = PBXFileReference; fileEncoding = 4; lastKnownFileType = sourcecode.c.h; path = HelpVC.h; sourceTree = "<group>"; };
		A66FB23C184D2BB0008F2AB7 /* HelpVC.m */ = {isa = PBXFileReference; fileEncoding = 4; lastKnownFileType = sourcecode.c.objc; path = HelpVC.m; sourceTree = "<group>"; };
		A679A80218F43E0F00BC8750 /* Settings.bundle */ = {isa = PBXFileReference; lastKnownFileType = "wrapper.plug-in"; name = Settings.bundle; path = photon/Settings.bundle; sourceTree = "<group>"; };
		A679A84218F4A24E00BC8750 /* photon copy-Info.plist */ = {isa = PBXFileReference; lastKnownFileType = text.plist.xml; name = "photon copy-Info.plist"; path = "/Users/jtq6/informaticslab/photon/photon copy-Info.plist"; sourceTree = "<absolute>"; };
		A67AF51A182BA408000F6EB0 /* IssueArticlesTVC.h */ = {isa = PBXFileReference; fileEncoding = 4; lastKnownFileType = sourcecode.c.h; path = IssueArticlesTVC.h; sourceTree = "<group>"; };
		A67AF51B182BA408000F6EB0 /* IssueArticlesTVC.m */ = {isa = PBXFileReference; fileEncoding = 4; lastKnownFileType = sourcecode.c.objc; path = IssueArticlesTVC.m; sourceTree = "<group>"; };
		A68081D418D8943F00C6199B /* photon_eula.html */ = {isa = PBXFileReference; fileEncoding = 4; lastKnownFileType = text.html; path = photon_eula.html; sourceTree = "<group>"; };
		A680F34918D37E41000653CC /* IpadTabBarController.h */ = {isa = PBXFileReference; fileEncoding = 4; lastKnownFileType = sourcecode.c.h; path = IpadTabBarController.h; sourceTree = "<group>"; };
		A680F34A18D37E41000653CC /* IpadTabBarController.m */ = {isa = PBXFileReference; fileEncoding = 4; lastKnownFileType = sourcecode.c.objc; path = IpadTabBarController.m; sourceTree = "<group>"; };
		A683CC391885EF5800354442 /* ContentIpadVC.h */ = {isa = PBXFileReference; fileEncoding = 4; lastKnownFileType = sourcecode.c.h; path = ContentIpadVC.h; sourceTree = "<group>"; };
		A683CC3A1885EF5800354442 /* ContentIpadVC.m */ = {isa = PBXFileReference; fileEncoding = 4; lastKnownFileType = sourcecode.c.objc; path = ContentIpadVC.m; sourceTree = "<group>"; };
		A69AFEB718944C47009F0A48 /* V1JsonParser.h */ = {isa = PBXFileReference; fileEncoding = 4; lastKnownFileType = sourcecode.c.h; path = V1JsonParser.h; sourceTree = "<group>"; };
		A69AFEB818944C47009F0A48 /* V1JsonParser.m */ = {isa = PBXFileReference; fileEncoding = 4; lastKnownFileType = sourcecode.c.objc; path = V1JsonParser.m; sourceTree = "<group>"; };
		A69AFEBA18945618009F0A48 /* JsonParserProtocol.h */ = {isa = PBXFileReference; lastKnownFileType = sourcecode.c.h; path = JsonParserProtocol.h; sourceTree = "<group>"; };
		A69AFEBB1895468A009F0A48 /* JsonParser.h */ = {isa = PBXFileReference; fileEncoding = 4; lastKnownFileType = sourcecode.c.h; path = JsonParser.h; sourceTree = "<group>"; };
		A69AFEBC1895468A009F0A48 /* JsonParser.m */ = {isa = PBXFileReference; fileEncoding = 4; lastKnownFileType = sourcecode.c.objc; path = JsonParser.m; sourceTree = "<group>"; };
		A69AFEBE189554C0009F0A48 /* JsonParserBase.h */ = {isa = PBXFileReference; fileEncoding = 4; lastKnownFileType = sourcecode.c.h; path = JsonParserBase.h; sourceTree = "<group>"; };
		A69AFEBF189554C0009F0A48 /* JsonParserBase.m */ = {isa = PBXFileReference; fileEncoding = 4; lastKnownFileType = sourcecode.c.objc; path = JsonParserBase.m; sourceTree = "<group>"; };
		A6A919CF18299BB500F1CE7D /* AppManager.m */ = {isa = PBXFileReference; fileEncoding = 4; lastKnownFileType = sourcecode.c.objc; path = AppManager.m; sourceTree = "<group>"; };
		A6A919D018299BB500F1CE7D /* AppManager.h */ = {isa = PBXFileReference; fileEncoding = 4; lastKnownFileType = sourcecode.c.h; path = AppManager.h; sourceTree = "<group>"; };
		A6A919D118299BB500F1CE7D /* Debug.h */ = {isa = PBXFileReference; fileEncoding = 4; lastKnownFileType = sourcecode.c.h; path = Debug.h; sourceTree = "<group>"; };
		A6A919D41829A1BC00F1CE7D /* IssuesManager.h */ = {isa = PBXFileReference; fileEncoding = 4; lastKnownFileType = sourcecode.c.h; path = IssuesManager.h; sourceTree = "<group>"; };
		A6A919D51829A1BC00F1CE7D /* IssuesManager.m */ = {isa = PBXFileReference; fileEncoding = 4; lastKnownFileType = sourcecode.c.objc; path = IssuesManager.m; sourceTree = "<group>"; };
		A6A919D71829B48A00F1CE7D /* Issues.json */ = {isa = PBXFileReference; fileEncoding = 4; lastKnownFileType = text.json; path = Issues.json; sourceTree = "<group>"; };
		A6A919D9182A74D400F1CE7D /* Issue.h */ = {isa = PBXFileReference; fileEncoding = 4; lastKnownFileType = sourcecode.c.h; path = Issue.h; sourceTree = "<group>"; };
		A6A919DA182A74D400F1CE7D /* Issue.m */ = {isa = PBXFileReference; fileEncoding = 4; lastKnownFileType = sourcecode.c.objc; path = Issue.m; sourceTree = "<group>"; };
		A6A919DC182A9B8700F1CE7D /* Article.h */ = {isa = PBXFileReference; fileEncoding = 4; lastKnownFileType = sourcecode.c.h; path = Article.h; sourceTree = "<group>"; };
		A6A919DD182A9B8700F1CE7D /* Article.m */ = {isa = PBXFileReference; fileEncoding = 4; lastKnownFileType = sourcecode.c.objc; path = Article.m; sourceTree = "<group>"; };
		A6AC5FA818D794D3000D0832 /* EulaVC.m */ = {isa = PBXFileReference; fileEncoding = 4; lastKnownFileType = sourcecode.c.objc; path = EulaVC.m; sourceTree = "<group>"; };
		A6AC5FA918D794D3000D0832 /* EulaVC.h */ = {isa = PBXFileReference; fileEncoding = 4; lastKnownFileType = sourcecode.c.h; path = EulaVC.h; sourceTree = "<group>"; };
		A6B295D0187352CB00BEF24D /* ContentVC.h */ = {isa = PBXFileReference; fileEncoding = 4; lastKnownFileType = sourcecode.c.h; path = ContentVC.h; sourceTree = "<group>"; };
		A6B295D1187352CB00BEF24D /* ContentVC.m */ = {isa = PBXFileReference; fileEncoding = 4; lastKnownFileType = sourcecode.c.objc; path = ContentVC.m; sourceTree = "<group>"; };
		A6B295D318735EFD00BEF24D /* ContentPagesVC.h */ = {isa = PBXFileReference; fileEncoding = 4; lastKnownFileType = sourcecode.c.h; path = ContentPagesVC.h; sourceTree = "<group>"; };
		A6B295D418735EFD00BEF24D /* ContentPagesVC.m */ = {isa = PBXFileReference; fileEncoding = 4; lastKnownFileType = sourcecode.c.objc; path = ContentPagesVC.m; sourceTree = "<group>"; };
		A6B735491843D6C600872B20 /* CoreText.framework */ = {isa = PBXFileReference; lastKnownFileType = wrapper.framework; name = CoreText.framework; path = System/Library/Frameworks/CoreText.framework; sourceTree = SDKROOT; };
		A6CA277A18CE6976003713BA /* ArticleMO.h */ = {isa = PBXFileReference; fileEncoding = 4; lastKnownFileType = sourcecode.c.h; path = ArticleMO.h; sourceTree = "<group>"; };
		A6CA277B18CE6976003713BA /* ArticleMO.m */ = {isa = PBXFileReference; fileEncoding = 4; lastKnownFileType = sourcecode.c.objc; path = ArticleMO.m; sourceTree = "<group>"; };
		A6D6AFEB185B53A700F37E23 /* ShareActionSheet.h */ = {isa = PBXFileReference; fileEncoding = 4; lastKnownFileType = sourcecode.c.h; path = ShareActionSheet.h; sourceTree = "<group>"; };
		A6D6AFEC185B53A700F37E23 /* ShareActionSheet.m */ = {isa = PBXFileReference; fileEncoding = 4; lastKnownFileType = sourcecode.c.objc; path = ShareActionSheet.m; sourceTree = "<group>"; };
		A6D6AFEE185B5E1400F37E23 /* Social.framework */ = {isa = PBXFileReference; lastKnownFileType = wrapper.framework; name = Social.framework; path = System/Library/Frameworks/Social.framework; sourceTree = SDKROOT; };
		A6D9BC76183BBFE000B42118 /* KeywordArticlesTVC.h */ = {isa = PBXFileReference; fileEncoding = 4; lastKnownFileType = sourcecode.c.h; path = KeywordArticlesTVC.h; sourceTree = "<group>"; };
		A6D9BC77183BBFE000B42118 /* KeywordArticlesTVC.m */ = {isa = PBXFileReference; fileEncoding = 4; lastKnownFileType = sourcecode.c.objc; path = KeywordArticlesTVC.m; sourceTree = "<group>"; };
		A6D9BC79183BF57F00B42118 /* KeywordArticleDetailVC.h */ = {isa = PBXFileReference; fileEncoding = 4; lastKnownFileType = sourcecode.c.h; path = KeywordArticleDetailVC.h; sourceTree = "<group>"; };
		A6D9BC7A183BF57F00B42118 /* KeywordArticleDetailVC.m */ = {isa = PBXFileReference; fileEncoding = 4; lastKnownFileType = sourcecode.c.objc; path = KeywordArticleDetailVC.m; sourceTree = "<group>"; };
/* End PBXFileReference section */

/* Begin PBXFrameworksBuildPhase section */
		A62A1A0C1823C9C7006A62B3 /* Frameworks */ = {
			isa = PBXFrameworksBuildPhase;
			buildActionMask = 2147483647;
			files = (
				A647B05A18CA1FEC0081F760 /* CoreData.framework in Frameworks */,
				A6D6AFEF185B5E1400F37E23 /* Social.framework in Frameworks */,
				A62A1A151823C9C7006A62B3 /* CoreGraphics.framework in Frameworks */,
				A62A1A171823C9C7006A62B3 /* UIKit.framework in Frameworks */,
				A62A1A131823C9C7006A62B3 /* Foundation.framework in Frameworks */,
			);
			runOnlyForDeploymentPostprocessing = 0;
		};
		A62A1A301823C9C7006A62B3 /* Frameworks */ = {
			isa = PBXFrameworksBuildPhase;
			buildActionMask = 2147483647;
			files = (
				A62A1A351823C9C7006A62B3 /* XCTest.framework in Frameworks */,
				A62A1A371823C9C7006A62B3 /* UIKit.framework in Frameworks */,
				A62A1A361823C9C7006A62B3 /* Foundation.framework in Frameworks */,
			);
			runOnlyForDeploymentPostprocessing = 0;
		};
/* End PBXFrameworksBuildPhase section */

/* Begin PBXGroup section */
		A61CA7B41863235800891E00 /* MWFeedParser */ = {
			isa = PBXGroup;
			children = (
				A61CA7B51863235800891E00 /* GTMNSString+HTML.h */,
				A61CA7B61863235800891E00 /* GTMNSString+HTML.m */,
				A61CA7B71863235800891E00 /* MWFeedInfo.h */,
				A61CA7B81863235800891E00 /* MWFeedInfo.m */,
				A61CA7B91863235800891E00 /* MWFeedItem.h */,
				A61CA7BA1863235800891E00 /* MWFeedItem.m */,
				A61CA7BB1863235800891E00 /* MWFeedParser.h */,
				A61CA7BC1863235800891E00 /* MWFeedParser.m */,
				A61CA7BD1863235800891E00 /* MWFeedParser_Private.h */,
				A61CA7C01863235800891E00 /* NSDate+InternetDateTime.h */,
				A61CA7C11863235800891E00 /* NSDate+InternetDateTime.m */,
				A61CA7C21863235800891E00 /* NSString+HTML.h */,
				A61CA7C31863235800891E00 /* NSString+HTML.m */,
			);
			name = MWFeedParser;
			path = photon/MWFeedParser;
			sourceTree = "<group>";
		};
		A62A1A061823C9C7006A62B3 = {
			isa = PBXGroup;
			children = (
				A679A80218F43E0F00BC8750 /* Settings.bundle */,
				A6636DF318DCF1410095593D /* PreloadIssues.json */,
				A61CA7B41863235800891E00 /* MWFeedParser */,
				A6A919D71829B48A00F1CE7D /* Issues.json */,
				A62A1A181823C9C7006A62B3 /* photon */,
				A62A1A3A1823C9C7006A62B3 /* photonTests */,
				A62A1A111823C9C7006A62B3 /* Frameworks */,
				A62A1A101823C9C7006A62B3 /* Products */,
				A679A84218F4A24E00BC8750 /* photon copy-Info.plist */,
			);
			sourceTree = "<group>";
		};
		A62A1A101823C9C7006A62B3 /* Products */ = {
			isa = PBXGroup;
			children = (
				A62A1A0F1823C9C7006A62B3 /* photon.app */,
				A62A1A331823C9C7006A62B3 /* photonTests.xctest */,
			);
			name = Products;
			sourceTree = "<group>";
		};
		A62A1A111823C9C7006A62B3 /* Frameworks */ = {
			isa = PBXGroup;
			children = (
				A647B05918CA1FEC0081F760 /* CoreData.framework */,
				A6D6AFEE185B5E1400F37E23 /* Social.framework */,
				A6B735491843D6C600872B20 /* CoreText.framework */,
				A62A1A121823C9C7006A62B3 /* Foundation.framework */,
				A62A1A141823C9C7006A62B3 /* CoreGraphics.framework */,
				A62A1A161823C9C7006A62B3 /* UIKit.framework */,
				A62A1A341823C9C7006A62B3 /* XCTest.framework */,
			);
			name = Frameworks;
			sourceTree = "<group>";
		};
		A62A1A181823C9C7006A62B3 /* photon */ = {
			isa = PBXGroup;
			children = (
				A66FB238184D2B9E008F2AB7 /* AboutVC.h */,
				A66FB239184D2B9E008F2AB7 /* AboutVC.m */,
				A62A1A211823C9C7006A62B3 /* AppDelegate.h */,
				A62A1A221823C9C7006A62B3 /* AppDelegate.m */,
				A6A919D018299BB500F1CE7D /* AppManager.h */,
				A6A919CF18299BB500F1CE7D /* AppManager.m */,
				A6A919DC182A9B8700F1CE7D /* Article.h */,
				A6A919DD182A9B8700F1CE7D /* Article.m */,
				A6635AC9182D625400E600EA /* ArticleDetails.h */,
				A6635ACA182D625400E600EA /* ArticleDetails.m */,
				A647B05E18CA4F820081F760 /* ArticleMO+Article.h */,
				A647B05F18CA4F820081F760 /* ArticleMO+Article.m */,
				A6CA277A18CE6976003713BA /* ArticleMO.h */,
				A6CA277B18CE6976003713BA /* ArticleMO.m */,
				3716854018A50CDE0025B32F /* ArticleSelectionDelegate.h */,
				A683CC391885EF5800354442 /* ContentIpadVC.h */,
				A683CC3A1885EF5800354442 /* ContentIpadVC.m */,
				A6B295D318735EFD00BEF24D /* ContentPagesVC.h */,
				A6B295D418735EFD00BEF24D /* ContentPagesVC.m */,
				A6B295D0187352CB00BEF24D /* ContentVC.h */,
				A6B295D1187352CB00BEF24D /* ContentVC.m */,
				A6A919D118299BB500F1CE7D /* Debug.h */,
				A6AC5FA918D794D3000D0832 /* EulaVC.h */,
				A6AC5FA818D794D3000D0832 /* EulaVC.m */,
				A621F0D9184538D20011D0C5 /* FullArticleVC.h */,
				A621F0DA184538D20011D0C5 /* FullArticleVC.m */,
				A66FB23B184D2BB0008F2AB7 /* HelpVC.h */,
				A66FB23C184D2BB0008F2AB7 /* HelpVC.m */,
				A66FB236184D211F008F2AB7 /* Images.xcassets */,
				A66FB233184CE935008F2AB7 /* InfoVC.h */,
				A66FB234184CE935008F2AB7 /* InfoVC.m */,
				A680F34918D37E41000653CC /* IpadTabBarController.h */,
				A680F34A18D37E41000653CC /* IpadTabBarController.m */,
				A6A919D9182A74D400F1CE7D /* Issue.h */,
				A6A919DA182A74D400F1CE7D /* Issue.m */,
				A67AF51A182BA408000F6EB0 /* IssueArticlesTVC.h */,
				A67AF51B182BA408000F6EB0 /* IssueArticlesTVC.m */,
				A647B05B18CA44E60081F760 /* IssueMO+Issue.h */,
				A647B05C18CA44E60081F760 /* IssueMO+Issue.m */,
				A647B05118CA19770081F760 /* IssueMO.h */,
				A647B05218CA19770081F760 /* IssueMO.m */,
				A6A919D41829A1BC00F1CE7D /* IssuesManager.h */,
				A6A919D51829A1BC00F1CE7D /* IssuesManager.m */,
				A69AFEBB1895468A009F0A48 /* JsonParser.h */,
				A69AFEBC1895468A009F0A48 /* JsonParser.m */,
				A69AFEBE189554C0009F0A48 /* JsonParserBase.h */,
				A69AFEBF189554C0009F0A48 /* JsonParserBase.m */,
				A69AFEBA18945618009F0A48 /* JsonParserProtocol.h */,
				A6D9BC79183BF57F00B42118 /* KeywordArticleDetailVC.h */,
				A6D9BC7A183BF57F00B42118 /* KeywordArticleDetailVC.m */,
				A6D9BC76183BBFE000B42118 /* KeywordArticlesTVC.h */,
				A6D9BC77183BBFE000B42118 /* KeywordArticlesTVC.m */,
				A66F689C18D0761F008D3EF5 /* KeywordMO.h */,
				A66F689D18D0761F008D3EF5 /* KeywordMO.m */,
				A6635ADE182D921A00E600EA /* KeywordsTVC.h */,
				A6635ADF182D921A00E600EA /* KeywordsTVC.m */,
				A62A1A241823C9C7006A62B3 /* Main.storyboard */,
				A6687EBF1885AA1A008109BF /* Main_iPad.storyboard */,
				A6403B6318AEA00A004D47DC /* ModalViewDelegate.h */,
				A647B04D18CA19770081F760 /* photon_core_data.xcdatamodeld */,
				A68081D418D8943F00C6199B /* photon_eula.html */,
				37C4300318B7DE2800CCDE8A /* PopoverViewDelegate.h */,
				A61466E218F7148B00DB0099 /* Reachability.h */,
				A61466E318F7148B00DB0099 /* Reachability.m */,
				A61CA793186231ED00891E00 /* RSSEntry.h */,
				A61CA794186231ED00891E00 /* RSSEntry.m */,
				A6D6AFEB185B53A700F37E23 /* ShareActionSheet.h */,
				A6D6AFEC185B53A700F37E23 /* ShareActionSheet.m */,
				A639A335184E6496008D3BF6 /* ShareActivityProvider.h */,
				A639A336184E6496008D3BF6 /* ShareActivityProvider.m */,
				A639A338184E7361008D3BF6 /* ShareActivityVC.h */,
				A639A339184E7361008D3BF6 /* ShareActivityVC.m */,
				A63495BA18F592CD00BB06D6 /* SiteCatalystController.h */,
				A63495BB18F592CD00BB06D6 /* SiteCatalystController.m */,
				A649A73B18882C0E00BDF9C2 /* SplitViewManager.h */,
				A649A73C18882C0E00BDF9C2 /* SplitViewManager.m */,
				A6635ACF182D7A0D00E600EA /* SubjectViewController.h */,
				A6635AD0182D7A0D00E600EA /* SubjectViewController.m */,
				A62A1A191823C9C7006A62B3 /* Supporting Files */,
				A69AFEB718944C47009F0A48 /* V1JsonParser.h */,
				A69AFEB818944C47009F0A48 /* V1JsonParser.m */,
			);
			path = photon;
			sourceTree = "<group>";
		};
		A62A1A191823C9C7006A62B3 /* Supporting Files */ = {
			isa = PBXGroup;
			children = (
				A62A1A1A1823C9C7006A62B3 /* photon-Info.plist */,
				A62A1A1B1823C9C7006A62B3 /* InfoPlist.strings */,
				A62A1A1E1823C9C7006A62B3 /* main.m */,
				A62A1A201823C9C7006A62B3 /* photon-Prefix.pch */,
			);
			name = "Supporting Files";
			sourceTree = "<group>";
		};
		A62A1A3A1823C9C7006A62B3 /* photonTests */ = {
			isa = PBXGroup;
			children = (
				A62A1A401823C9C7006A62B3 /* photonTests.m */,
				A62A1A3B1823C9C7006A62B3 /* Supporting Files */,
			);
			path = photonTests;
			sourceTree = "<group>";
		};
		A62A1A3B1823C9C7006A62B3 /* Supporting Files */ = {
			isa = PBXGroup;
			children = (
				A62A1A3C1823C9C7006A62B3 /* photonTests-Info.plist */,
				A62A1A3D1823C9C7006A62B3 /* InfoPlist.strings */,
			);
			name = "Supporting Files";
			sourceTree = "<group>";
		};
/* End PBXGroup section */

/* Begin PBXNativeTarget section */
		A62A1A0E1823C9C7006A62B3 /* photon */ = {
			isa = PBXNativeTarget;
			buildConfigurationList = A62A1A441823C9C7006A62B3 /* Build configuration list for PBXNativeTarget "photon" */;
			buildPhases = (
				A62A1A0B1823C9C7006A62B3 /* Sources */,
				A62A1A0C1823C9C7006A62B3 /* Frameworks */,
				A62A1A0D1823C9C7006A62B3 /* Resources */,
			);
			buildRules = (
			);
			dependencies = (
			);
			name = photon;
			productName = photon;
			productReference = A62A1A0F1823C9C7006A62B3 /* photon.app */;
			productType = "com.apple.product-type.application";
		};
		A62A1A321823C9C7006A62B3 /* photonTests */ = {
			isa = PBXNativeTarget;
			buildConfigurationList = A62A1A471823C9C7006A62B3 /* Build configuration list for PBXNativeTarget "photonTests" */;
			buildPhases = (
				A62A1A2F1823C9C7006A62B3 /* Sources */,
				A62A1A301823C9C7006A62B3 /* Frameworks */,
				A62A1A311823C9C7006A62B3 /* Resources */,
			);
			buildRules = (
			);
			dependencies = (
				A62A1A391823C9C7006A62B3 /* PBXTargetDependency */,
			);
			name = photonTests;
			productName = photonTests;
			productReference = A62A1A331823C9C7006A62B3 /* photonTests.xctest */;
			productType = "com.apple.product-type.bundle.unit-test";
		};
/* End PBXNativeTarget section */

/* Begin PBXProject section */
		A62A1A071823C9C7006A62B3 /* Project object */ = {
			isa = PBXProject;
			attributes = {
				LastUpgradeCheck = 0510;
				ORGANIZATIONNAME = "Informatics Research and Development Lab";
				TargetAttributes = {
					A62A1A0E1823C9C7006A62B3 = {
						DevelopmentTeam = Z827RBGAJC;
					};
					A62A1A321823C9C7006A62B3 = {
						TestTargetID = A62A1A0E1823C9C7006A62B3;
					};
				};
			};
			buildConfigurationList = A62A1A0A1823C9C7006A62B3 /* Build configuration list for PBXProject "photon" */;
			compatibilityVersion = "Xcode 3.2";
			developmentRegion = English;
			hasScannedForEncodings = 0;
			knownRegions = (
				en,
				Base,
			);
			mainGroup = A62A1A061823C9C7006A62B3;
			productRefGroup = A62A1A101823C9C7006A62B3 /* Products */;
			projectDirPath = "";
			projectRoot = "";
			targets = (
				A62A1A0E1823C9C7006A62B3 /* photon */,
				A62A1A321823C9C7006A62B3 /* photonTests */,
			);
		};
/* End PBXProject section */

/* Begin PBXResourcesBuildPhase section */
		A62A1A0D1823C9C7006A62B3 /* Resources */ = {
			isa = PBXResourcesBuildPhase;
			buildActionMask = 2147483647;
			files = (
				A6687EC11885AA1A008109BF /* Main_iPad.storyboard in Resources */,
				A6636DF418DCF1410095593D /* PreloadIssues.json in Resources */,
				A679A80318F43E0F00BC8750 /* Settings.bundle in Resources */,
				A68081D518D8943F00C6199B /* photon_eula.html in Resources */,
				A62A1A1D1823C9C7006A62B3 /* InfoPlist.strings in Resources */,
				A66FB237184D211F008F2AB7 /* Images.xcassets in Resources */,
				A62A1A261823C9C7006A62B3 /* Main.storyboard in Resources */,
				A6A919D81829B48A00F1CE7D /* Issues.json in Resources */,
			);
			runOnlyForDeploymentPostprocessing = 0;
		};
		A62A1A311823C9C7006A62B3 /* Resources */ = {
			isa = PBXResourcesBuildPhase;
			buildActionMask = 2147483647;
			files = (
				A62A1A3F1823C9C7006A62B3 /* InfoPlist.strings in Resources */,
			);
			runOnlyForDeploymentPostprocessing = 0;
		};
/* End PBXResourcesBuildPhase section */

/* Begin PBXSourcesBuildPhase section */
		A62A1A0B1823C9C7006A62B3 /* Sources */ = {
			isa = PBXSourcesBuildPhase;
			buildActionMask = 2147483647;
			files = (
				A66FB23A184D2B9E008F2AB7 /* AboutVC.m in Sources */,
				A66FB23D184D2BB0008F2AB7 /* HelpVC.m in Sources */,
				A62A1A231823C9C7006A62B3 /* AppDelegate.m in Sources */,
				A6AC5FAA18D794D3000D0832 /* EulaVC.m in Sources */,
				A6D9BC7B183BF57F00B42118 /* KeywordArticleDetailVC.m in Sources */,
				A61CA7C61863235800891E00 /* MWFeedItem.m in Sources */,
				A6A919DE182A9B8700F1CE7D /* Article.m in Sources */,
				A69AFEBD1895468A009F0A48 /* JsonParser.m in Sources */,
				A6B295D2187352CB00BEF24D /* ContentVC.m in Sources */,
				A61CA7C41863235800891E00 /* GTMNSString+HTML.m in Sources */,
				A639A337184E6496008D3BF6 /* ShareActivityProvider.m in Sources */,
				A61CA795186231ED00891E00 /* RSSEntry.m in Sources */,
				A6A919DB182A74D400F1CE7D /* Issue.m in Sources */,
				A63495BC18F592CD00BB06D6 /* SiteCatalystController.m in Sources */,
				A62A1A1F1823C9C7006A62B3 /* main.m in Sources */,
				A639A33A184E7361008D3BF6 /* ShareActivityVC.m in Sources */,
				A6A919D218299BB500F1CE7D /* AppManager.m in Sources */,
				A6A919D61829A1BC00F1CE7D /* IssuesManager.m in Sources */,
				A647B05718CA19770081F760 /* IssueMO.m in Sources */,
				A6D9BC78183BBFE000B42118 /* KeywordArticlesTVC.m in Sources */,
				A647B05518CA19770081F760 /* photon_core_data.xcdatamodeld in Sources */,
				A621F0DB184538D20011D0C5 /* FullArticleVC.m in Sources */,
				A647B06018CA4F820081F760 /* ArticleMO+Article.m in Sources */,
				A67AF51C182BA408000F6EB0 /* IssueArticlesTVC.m in Sources */,
				A6635ACB182D625400E600EA /* ArticleDetails.m in Sources */,
				A61CA7C91863235800891E00 /* NSDate+InternetDateTime.m in Sources */,
				A647B05D18CA44E60081F760 /* IssueMO+Issue.m in Sources */,
				A6B295D518735EFD00BEF24D /* ContentPagesVC.m in Sources */,
				A649A73D18882C0E00BDF9C2 /* SplitViewManager.m in Sources */,
				A61466E418F7148B00DB0099 /* Reachability.m in Sources */,
				A61CA7CA1863235800891E00 /* NSString+HTML.m in Sources */,
				A61CA7C71863235800891E00 /* MWFeedParser.m in Sources */,
				A61CA7C51863235800891E00 /* MWFeedInfo.m in Sources */,
				A66F689E18D0761F008D3EF5 /* KeywordMO.m in Sources */,
				A66FB235184CE935008F2AB7 /* InfoVC.m in Sources */,
				A683CC3B1885EF5800354442 /* ContentIpadVC.m in Sources */,
				A6D6AFED185B53A700F37E23 /* ShareActionSheet.m in Sources */,
				A6635AE0182D921A00E600EA /* KeywordsTVC.m in Sources */,
				A6635AD1182D7A0D00E600EA /* SubjectViewController.m in Sources */,
				A69AFEB918944C47009F0A48 /* V1JsonParser.m in Sources */,
				A6CA277C18CE6976003713BA /* ArticleMO.m in Sources */,
				A69AFEC0189554C0009F0A48 /* JsonParserBase.m in Sources */,
				A680F34B18D37E41000653CC /* IpadTabBarController.m in Sources */,
			);
			runOnlyForDeploymentPostprocessing = 0;
		};
		A62A1A2F1823C9C7006A62B3 /* Sources */ = {
			isa = PBXSourcesBuildPhase;
			buildActionMask = 2147483647;
			files = (
				A62A1A411823C9C7006A62B3 /* photonTests.m in Sources */,
			);
			runOnlyForDeploymentPostprocessing = 0;
		};
/* End PBXSourcesBuildPhase section */

/* Begin PBXTargetDependency section */
		A62A1A391823C9C7006A62B3 /* PBXTargetDependency */ = {
			isa = PBXTargetDependency;
			target = A62A1A0E1823C9C7006A62B3 /* photon */;
			targetProxy = A62A1A381823C9C7006A62B3 /* PBXContainerItemProxy */;
		};
/* End PBXTargetDependency section */

/* Begin PBXVariantGroup section */
		A62A1A1B1823C9C7006A62B3 /* InfoPlist.strings */ = {
			isa = PBXVariantGroup;
			children = (
				A62A1A1C1823C9C7006A62B3 /* en */,
			);
			name = InfoPlist.strings;
			sourceTree = "<group>";
		};
		A62A1A241823C9C7006A62B3 /* Main.storyboard */ = {
			isa = PBXVariantGroup;
			children = (
				A62A1A251823C9C7006A62B3 /* Base */,
			);
			name = Main.storyboard;
			sourceTree = "<group>";
		};
		A62A1A3D1823C9C7006A62B3 /* InfoPlist.strings */ = {
			isa = PBXVariantGroup;
			children = (
				A62A1A3E1823C9C7006A62B3 /* en */,
			);
			name = InfoPlist.strings;
			sourceTree = "<group>";
		};
		A6687EBF1885AA1A008109BF /* Main_iPad.storyboard */ = {
			isa = PBXVariantGroup;
			children = (
				A6687EC01885AA1A008109BF /* Base */,
			);
			name = Main_iPad.storyboard;
			sourceTree = "<group>";
		};
/* End PBXVariantGroup section */

/* Begin XCBuildConfiguration section */
		A62A1A421823C9C7006A62B3 /* Debug */ = {
			isa = XCBuildConfiguration;
			buildSettings = {
				ALWAYS_SEARCH_USER_PATHS = NO;
				CLANG_CXX_LANGUAGE_STANDARD = "gnu++0x";
				CLANG_CXX_LIBRARY = "libc++";
				CLANG_ENABLE_MODULES = YES;
				CLANG_ENABLE_OBJC_ARC = YES;
				CLANG_WARN_BOOL_CONVERSION = YES;
				CLANG_WARN_CONSTANT_CONVERSION = YES;
				CLANG_WARN_DIRECT_OBJC_ISA_USAGE = YES_ERROR;
				CLANG_WARN_EMPTY_BODY = YES;
				CLANG_WARN_ENUM_CONVERSION = YES;
				CLANG_WARN_INT_CONVERSION = YES;
				CLANG_WARN_OBJC_ROOT_CLASS = YES_ERROR;
				CLANG_WARN__DUPLICATE_METHOD_MATCH = YES;
				CODE_SIGN_IDENTITY = "iPhone Developer";
				"CODE_SIGN_IDENTITY[sdk=iphoneos*]" = "iPhone Developer";
				COPY_PHASE_STRIP = NO;
				GCC_C_LANGUAGE_STANDARD = gnu99;
				GCC_DYNAMIC_NO_PIC = NO;
				GCC_OPTIMIZATION_LEVEL = 0;
				GCC_PREPROCESSOR_DEFINITIONS = (
					"DEBUG=1",
					"$(inherited)",
				);
				GCC_SYMBOLS_PRIVATE_EXTERN = NO;
				GCC_WARN_64_TO_32_BIT_CONVERSION = YES;
				GCC_WARN_ABOUT_RETURN_TYPE = YES_ERROR;
				GCC_WARN_UNDECLARED_SELECTOR = YES;
				GCC_WARN_UNINITIALIZED_AUTOS = YES;
				GCC_WARN_UNUSED_FUNCTION = YES;
				GCC_WARN_UNUSED_VARIABLE = YES;
				IPHONEOS_DEPLOYMENT_TARGET = 7.0;
				ONLY_ACTIVE_ARCH = YES;
				SDKROOT = iphoneos;
			};
			name = Debug;
		};
		A62A1A431823C9C7006A62B3 /* Release */ = {
			isa = XCBuildConfiguration;
			buildSettings = {
				ALWAYS_SEARCH_USER_PATHS = NO;
				CLANG_CXX_LANGUAGE_STANDARD = "gnu++0x";
				CLANG_CXX_LIBRARY = "libc++";
				CLANG_ENABLE_MODULES = YES;
				CLANG_ENABLE_OBJC_ARC = YES;
				CLANG_WARN_BOOL_CONVERSION = YES;
				CLANG_WARN_CONSTANT_CONVERSION = YES;
				CLANG_WARN_DIRECT_OBJC_ISA_USAGE = YES_ERROR;
				CLANG_WARN_EMPTY_BODY = YES;
				CLANG_WARN_ENUM_CONVERSION = YES;
				CLANG_WARN_INT_CONVERSION = YES;
				CLANG_WARN_OBJC_ROOT_CLASS = YES_ERROR;
				CLANG_WARN__DUPLICATE_METHOD_MATCH = YES;
				CODE_SIGN_IDENTITY = "iPhone Distribution";
				"CODE_SIGN_IDENTITY[sdk=iphoneos*]" = "iPhone Distribution";
				COPY_PHASE_STRIP = YES;
				ENABLE_NS_ASSERTIONS = NO;
				GCC_C_LANGUAGE_STANDARD = gnu99;
				GCC_WARN_64_TO_32_BIT_CONVERSION = YES;
				GCC_WARN_ABOUT_RETURN_TYPE = YES_ERROR;
				GCC_WARN_UNDECLARED_SELECTOR = YES;
				GCC_WARN_UNINITIALIZED_AUTOS = YES;
				GCC_WARN_UNUSED_FUNCTION = YES;
				GCC_WARN_UNUSED_VARIABLE = YES;
				IPHONEOS_DEPLOYMENT_TARGET = 7.0;
				SDKROOT = iphoneos;
				VALIDATE_PRODUCT = YES;
			};
			name = Release;
		};
		A62A1A451823C9C7006A62B3 /* Debug */ = {
			isa = XCBuildConfiguration;
			buildSettings = {
				ASSETCATALOG_COMPILER_APPICON_NAME = AppIcon;
				ASSETCATALOG_COMPILER_LAUNCHIMAGE_NAME = LaunchImage;
				CODE_SIGN_IDENTITY = "iPhone Developer";
				GCC_PRECOMPILE_PREFIX_HEADER = YES;
				GCC_PREFIX_HEADER = "photon/photon-Prefix.pch";
				GCC_PREPROCESSOR_DEFINITIONS = "";
				"GCC_PREPROCESSOR_DEFINITIONS[arch=*]" = "DEBUG=1";
				INFOPLIST_FILE = "photon/photon-Info.plist";
				IPHONEOS_DEPLOYMENT_TARGET = 7.0;
				OTHER_CFLAGS = "";
				"OTHER_CFLAGS[arch=*]" = "";
				PRODUCT_NAME = "$(TARGET_NAME)";
				PROVISIONING_PROFILE = "";
				TARGETED_DEVICE_FAMILY = "1,2";
				WRAPPER_EXTENSION = app;
			};
			name = Debug;
		};
		A62A1A461823C9C7006A62B3 /* Release */ = {
			isa = XCBuildConfiguration;
			buildSettings = {
				ASSETCATALOG_COMPILER_APPICON_NAME = AppIcon;
				ASSETCATALOG_COMPILER_LAUNCHIMAGE_NAME = LaunchImage;
				CODE_SIGN_IDENTITY = "iPhone Distribution";
				GCC_PRECOMPILE_PREFIX_HEADER = YES;
				GCC_PREFIX_HEADER = "photon/photon-Prefix.pch";
				INFOPLIST_FILE = "photon/photon-Info.plist";
				IPHONEOS_DEPLOYMENT_TARGET = 7.0;
				OTHER_CFLAGS = "";
				PRODUCT_NAME = "$(TARGET_NAME)";
				PROVISIONING_PROFILE = "";
				TARGETED_DEVICE_FAMILY = "1,2";
				WRAPPER_EXTENSION = app;
			};
			name = Release;
		};
		A62A1A481823C9C7006A62B3 /* Debug */ = {
			isa = XCBuildConfiguration;
			buildSettings = {
				BUNDLE_LOADER = "$(BUILT_PRODUCTS_DIR)/photon.app/photon";
				FRAMEWORK_SEARCH_PATHS = (
					"$(SDKROOT)/Developer/Library/Frameworks",
					"$(inherited)",
					"$(DEVELOPER_FRAMEWORKS_DIR)",
				);
				GCC_PRECOMPILE_PREFIX_HEADER = YES;
				GCC_PREFIX_HEADER = "photon/photon-Prefix.pch";
				GCC_PREPROCESSOR_DEFINITIONS = (
					"DEBUG=1",
					"$(inherited)",
				);
				INFOPLIST_FILE = "photonTests/photonTests-Info.plist";
				PRODUCT_NAME = "$(TARGET_NAME)";
				TEST_HOST = "$(BUNDLE_LOADER)";
				WRAPPER_EXTENSION = xctest;
			};
			name = Debug;
		};
		A62A1A491823C9C7006A62B3 /* Release */ = {
			isa = XCBuildConfiguration;
			buildSettings = {
				BUNDLE_LOADER = "$(BUILT_PRODUCTS_DIR)/photon.app/photon";
				FRAMEWORK_SEARCH_PATHS = (
					"$(SDKROOT)/Developer/Library/Frameworks",
					"$(inherited)",
					"$(DEVELOPER_FRAMEWORKS_DIR)",
				);
				GCC_PRECOMPILE_PREFIX_HEADER = YES;
				GCC_PREFIX_HEADER = "photon/photon-Prefix.pch";
				INFOPLIST_FILE = "photonTests/photonTests-Info.plist";
				PRODUCT_NAME = "$(TARGET_NAME)";
				TEST_HOST = "$(BUNDLE_LOADER)";
				WRAPPER_EXTENSION = xctest;
			};
			name = Release;
		};
/* End XCBuildConfiguration section */

/* Begin XCConfigurationList section */
		A62A1A0A1823C9C7006A62B3 /* Build configuration list for PBXProject "photon" */ = {
			isa = XCConfigurationList;
			buildConfigurations = (
				A62A1A421823C9C7006A62B3 /* Debug */,
				A62A1A431823C9C7006A62B3 /* Release */,
			);
			defaultConfigurationIsVisible = 0;
			defaultConfigurationName = Release;
		};
		A62A1A441823C9C7006A62B3 /* Build configuration list for PBXNativeTarget "photon" */ = {
			isa = XCConfigurationList;
			buildConfigurations = (
				A62A1A451823C9C7006A62B3 /* Debug */,
				A62A1A461823C9C7006A62B3 /* Release */,
			);
			defaultConfigurationIsVisible = 0;
			defaultConfigurationName = Release;
		};
		A62A1A471823C9C7006A62B3 /* Build configuration list for PBXNativeTarget "photonTests" */ = {
			isa = XCConfigurationList;
			buildConfigurations = (
				A62A1A481823C9C7006A62B3 /* Debug */,
				A62A1A491823C9C7006A62B3 /* Release */,
			);
			defaultConfigurationIsVisible = 0;
			defaultConfigurationName = Release;
		};
/* End XCConfigurationList section */

/* Begin XCVersionGroup section */
		A647B04D18CA19770081F760 /* photon_core_data.xcdatamodeld */ = {
			isa = XCVersionGroup;
			children = (
				A647B04E18CA19770081F760 /* photon_core_data.xcdatamodel */,
			);
			currentVersion = A647B04E18CA19770081F760 /* photon_core_data.xcdatamodel */;
			path = photon_core_data.xcdatamodeld;
			sourceTree = "<group>";
			versionGroupType = wrapper.xcdatamodel;
		};
/* End XCVersionGroup section */
	};
	rootObject = A62A1A071823C9C7006A62B3 /* Project object */;
}
